
Microsoft Visual Studio Solution File, Format Version 12.00
# Visual Studio Version 17
VisualStudioVersion = 17.5.002.0
MinimumVisualStudioVersion = 10.0.40219.1
Project("{9A19103F-16F7-4668-BE54-9A1E7A4F7556}") = "data-structure-problem", "data-structure-problem\data-structure-problem.csproj", "{C470F929-9E8B-43C8-9D66-39DABE0983AA}"
EndProject
Global
	GlobalSection(SolutionConfigurationPlatforms) = preSolution
		Debug|Any CPU = Debug|Any CPU
		Release|Any CPU = Release|Any CPU
	EndGlobalSection
	GlobalSection(ProjectConfigurationPlatforms) = postSolution
		{C470F929-9E8B-43C8-9D66-39DABE0983AA}.Debug|Any CPU.ActiveCfg = Debug|Any CPU
		{C470F929-9E8B-43C8-9D66-39DABE0983AA}.Debug|Any CPU.Build.0 = Debug|Any CPU
		{C470F929-9E8B-43C8-9D66-39DABE0983AA}.Release|Any CPU.ActiveCfg = Release|Any CPU
		{C470F929-9E8B-43C8-9D66-39DABE0983AA}.Release|Any CPU.Build.0 = Release|Any CPU
	EndGlobalSection
	GlobalSection(SolutionProperties) = preSolution
		HideSolutionNode = FALSE
	EndGlobalSection
	GlobalSection(ExtensibilityGlobals) = postSolution
		SolutionGuid = {4C1905C5-E62A-4DE2-BDE1-CEDF8691CF31}
	EndGlobalSection
EndGlobal
